
Microsoft Visual Studio Solution File, Format Version 11.00
# Visual Studio 2010
# SharpDevelop 4.0.0.7070
Project("{FAE04EC0-301F-11D3-BF4B-00C04F79EFBC}") = "pdfinjector", "pdfinjector\pdfinjector.csproj", "{11AD7FCF-41E0-40CB-BC3B-1E119B6BE7C8}"
EndProject
Global
	GlobalSection(SolutionConfigurationPlatforms) = preSolution
		Debug|x86 = Debug|x86
		Release|x86 = Release|x86
	EndGlobalSection
	GlobalSection(ProjectConfigurationPlatforms) = postSolution
		{11AD7FCF-41E0-40CB-BC3B-1E119B6BE7C8}.Debug|x86.Build.0 = Debug|x86
		{11AD7FCF-41E0-40CB-BC3B-1E119B6BE7C8}.Debug|x86.ActiveCfg = Release|x86
		{11AD7FCF-41E0-40CB-BC3B-1E119B6BE7C8}.Release|x86.Build.0 = Release|x86
		{11AD7FCF-41E0-40CB-BC3B-1E119B6BE7C8}.Release|x86.ActiveCfg = Release|x86
	EndGlobalSection
EndGlobal
